
Microsoft Visual Studio Solution File, Format Version 11.00
# Visual Studio 2010
Project("{FAE04EC0-301F-11D3-BF4B-00C04F79EFBC}") = "MvcWXTest", "MvcWXTest\MvcWXTest.csproj", "{620FEBA0-AC04-4350-9A9E-45472AA66A75}"
EndProject
Global
	GlobalSection(SolutionConfigurationPlatforms) = preSolution
		Debug|Any CPU = Debug|Any CPU
		Release|Any CPU = Release|Any CPU
	EndGlobalSection
	GlobalSection(ProjectConfigurationPlatforms) = postSolution
		{620FEBA0-AC04-4350-9A9E-45472AA66A75}.Debug|Any CPU.ActiveCfg = Debug|Any CPU
		{620FEBA0-AC04-4350-9A9E-45472AA66A75}.Debug|Any CPU.Build.0 = Debug|Any CPU
		{620FEBA0-AC04-4350-9A9E-45472AA66A75}.Release|Any CPU.ActiveCfg = Release|Any CPU
		{620FEBA0-AC04-4350-9A9E-45472AA66A75}.Release|Any CPU.Build.0 = Release|Any CPU
	EndGlobalSection
	GlobalSection(SolutionProperties) = preSolution
		HideSolutionNode = FALSE
	EndGlobalSection
EndGlobal
